
Microsoft Visual Studio Solution File, Format Version 9.00
# Visual Studio 2005
Project("{8BC9CEB8-8B4A-11D0-8D11-00A0C91BC942}") = "trackContent", "trackContent.vcproj", "{60F797BB-C485-4BC5-B42F-9313474D38F9}"
EndProject
Project("{8BC9CEB8-8B4A-11D0-8D11-00A0C91BC942}") = "convertMetadata", "convertMetadata.vcproj", "{86A3242E-4F21-4352-9F8E-3C809BC8D44B}"
EndProject
Project("{8BC9CEB8-8B4A-11D0-8D11-00A0C91BC942}") = "removeRepeatFrames", "removeRepeatFrames.vcproj", "{357E9879-757E-4D53-8FB8-4BA79251B365}"
EndProject
Project("{8BC9CEB8-8B4A-11D0-8D11-00A0C91BC942}") = "plugRepeatFrames", "plugRepeatFrames.vcproj", "{5212FDDC-0FBF-4D4E-915C-CCDF54A7ED7A}"
EndProject
Project("{8BC9CEB8-8B4A-11D0-8D11-00A0C91BC942}") = "video2images", "video2images.vcproj", "{0A3C38E3-AA26-40EF-A9F3-76AEBAF30570}"
EndProject
Project("{8BC9CEB8-8B4A-11D0-8D11-00A0C91BC942}") = "images2video", "images2video.vcproj", "{3EC41789-5406-48F5-B706-45E6886960E5}"
EndProject
Project("{8BC9CEB8-8B4A-11D0-8D11-00A0C91BC942}") = "renderContent", "renderContent.vcproj", "{5B646C58-6C8D-4E0D-A08B-433EC988337A}"
EndProject
Project("{8BC9CEB8-8B4A-11D0-8D11-00A0C91BC942}") = "videoVolumeAnalyzer", "videoVolumeAnalyzer.vcproj", "{D9841E1F-6BA5-4DC6-AEFE-D0A5FB4B5B77}"
EndProject
Project("{8BC9CEB8-8B4A-11D0-8D11-00A0C91BC942}") = "upgradeOccMask", "upgradeOccMask.vcproj", "{71DC6468-C759-4931-9707-ED26B4B8B015}"
EndProject
Global
	GlobalSection(SolutionConfigurationPlatforms) = preSolution
		Debug|Win32 = Debug|Win32
		Release|Win32 = Release|Win32
	EndGlobalSection
	GlobalSection(ProjectConfigurationPlatforms) = postSolution
		{60F797BB-C485-4BC5-B42F-9313474D38F9}.Debug|Win32.ActiveCfg = Debug|Win32
		{60F797BB-C485-4BC5-B42F-9313474D38F9}.Debug|Win32.Build.0 = Debug|Win32
		{60F797BB-C485-4BC5-B42F-9313474D38F9}.Release|Win32.ActiveCfg = Release|Win32
		{60F797BB-C485-4BC5-B42F-9313474D38F9}.Release|Win32.Build.0 = Release|Win32
		{86A3242E-4F21-4352-9F8E-3C809BC8D44B}.Debug|Win32.ActiveCfg = Debug|Win32
		{86A3242E-4F21-4352-9F8E-3C809BC8D44B}.Debug|Win32.Build.0 = Debug|Win32
		{86A3242E-4F21-4352-9F8E-3C809BC8D44B}.Release|Win32.ActiveCfg = Release|Win32
		{86A3242E-4F21-4352-9F8E-3C809BC8D44B}.Release|Win32.Build.0 = Release|Win32
		{357E9879-757E-4D53-8FB8-4BA79251B365}.Debug|Win32.ActiveCfg = Debug|Win32
		{357E9879-757E-4D53-8FB8-4BA79251B365}.Debug|Win32.Build.0 = Debug|Win32
		{357E9879-757E-4D53-8FB8-4BA79251B365}.Release|Win32.ActiveCfg = Release|Win32
		{357E9879-757E-4D53-8FB8-4BA79251B365}.Release|Win32.Build.0 = Release|Win32
		{5212FDDC-0FBF-4D4E-915C-CCDF54A7ED7A}.Debug|Win32.ActiveCfg = Debug|Win32
		{5212FDDC-0FBF-4D4E-915C-CCDF54A7ED7A}.Debug|Win32.Build.0 = Debug|Win32
		{5212FDDC-0FBF-4D4E-915C-CCDF54A7ED7A}.Release|Win32.ActiveCfg = Release|Win32
		{5212FDDC-0FBF-4D4E-915C-CCDF54A7ED7A}.Release|Win32.Build.0 = Release|Win32
		{0A3C38E3-AA26-40EF-A9F3-76AEBAF30570}.Debug|Win32.ActiveCfg = Debug|Win32
		{0A3C38E3-AA26-40EF-A9F3-76AEBAF30570}.Debug|Win32.Build.0 = Debug|Win32
		{0A3C38E3-AA26-40EF-A9F3-76AEBAF30570}.Release|Win32.ActiveCfg = Release|Win32
		{0A3C38E3-AA26-40EF-A9F3-76AEBAF30570}.Release|Win32.Build.0 = Release|Win32
		{3EC41789-5406-48F5-B706-45E6886960E5}.Debug|Win32.ActiveCfg = Debug|Win32
		{3EC41789-5406-48F5-B706-45E6886960E5}.Debug|Win32.Build.0 = Debug|Win32
		{3EC41789-5406-48F5-B706-45E6886960E5}.Release|Win32.ActiveCfg = Release|Win32
		{3EC41789-5406-48F5-B706-45E6886960E5}.Release|Win32.Build.0 = Release|Win32
		{5B646C58-6C8D-4E0D-A08B-433EC988337A}.Debug|Win32.ActiveCfg = Debug|Win32
		{5B646C58-6C8D-4E0D-A08B-433EC988337A}.Debug|Win32.Build.0 = Debug|Win32
		{5B646C58-6C8D-4E0D-A08B-433EC988337A}.Release|Win32.ActiveCfg = Release|Win32
		{5B646C58-6C8D-4E0D-A08B-433EC988337A}.Release|Win32.Build.0 = Release|Win32
		{D9841E1F-6BA5-4DC6-AEFE-D0A5FB4B5B77}.Debug|Win32.ActiveCfg = Debug|Win32
		{D9841E1F-6BA5-4DC6-AEFE-D0A5FB4B5B77}.Debug|Win32.Build.0 = Debug|Win32
		{D9841E1F-6BA5-4DC6-AEFE-D0A5FB4B5B77}.Release|Win32.ActiveCfg = Release|Win32
		{D9841E1F-6BA5-4DC6-AEFE-D0A5FB4B5B77}.Release|Win32.Build.0 = Release|Win32
		{71DC6468-C759-4931-9707-ED26B4B8B015}.Debug|Win32.ActiveCfg = Debug|Win32
		{71DC6468-C759-4931-9707-ED26B4B8B015}.Debug|Win32.Build.0 = Debug|Win32
		{71DC6468-C759-4931-9707-ED26B4B8B015}.Release|Win32.ActiveCfg = Release|Win32
		{71DC6468-C759-4931-9707-ED26B4B8B015}.Release|Win32.Build.0 = Release|Win32
	EndGlobalSection
	GlobalSection(SolutionProperties) = preSolution
		HideSolutionNode = FALSE
	EndGlobalSection
EndGlobal
